
Microsoft Visual Studio Solution File, Format Version 12.00
# Visual Studio Version 16
VisualStudioVersion = 16.0.30709.132
MinimumVisualStudioVersion = 10.0.40219.1
Project("{9A19103F-16F7-4668-BE54-9A1E7A4F7556}") = "EnerGov.Scripts.TransferInvoicesToTaxRoll", "EnerGov.Scripts.TransferInvoicesToTaxRoll.csproj", "{BD75B2E6-0FB4-4358-B5C6-BC999BBC1E41}"
EndProject
Global
	GlobalSection(SolutionConfigurationPlatforms) = preSolution
		Debug|Any CPU = Debug|Any CPU
		Release|Any CPU = Release|Any CPU
	EndGlobalSection
	GlobalSection(ProjectConfigurationPlatforms) = postSolution
		{BD75B2E6-0FB4-4358-B5C6-BC999BBC1E41}.Debug|Any CPU.ActiveCfg = Debug|Any CPU
		{BD75B2E6-0FB4-4358-B5C6-BC999BBC1E41}.Debug|Any CPU.Build.0 = Debug|Any CPU
		{BD75B2E6-0FB4-4358-B5C6-BC999BBC1E41}.Release|Any CPU.ActiveCfg = Release|Any CPU
		{BD75B2E6-0FB4-4358-B5C6-BC999BBC1E41}.Release|Any CPU.Build.0 = Release|Any CPU
	EndGlobalSection
	GlobalSection(SolutionProperties) = preSolution
		HideSolutionNode = FALSE
	EndGlobalSection
	GlobalSection(ExtensibilityGlobals) = postSolution
		SolutionGuid = {8BA2540A-52A5-4808-A798-343F87E20B80}
	EndGlobalSection
EndGlobal
